
Microsoft Visual Studio Solution File, Format Version 12.00
# Visual Studio 15
VisualStudioVersion = 15.0.28307.572
MinimumVisualStudioVersion = 10.0.40219.1
Project("{FAE04EC0-301F-11D3-BF4B-00C04F79EFBC}") = "Products_3S", "Products_3S\Products_3S.csproj", "{5EC9E1FF-593C-4530-B7FB-2DCD376958B3}"
EndProject
Global
	GlobalSection(SolutionConfigurationPlatforms) = preSolution
		Debug|Any CPU = Debug|Any CPU
		Release|Any CPU = Release|Any CPU
	EndGlobalSection
	GlobalSection(ProjectConfigurationPlatforms) = postSolution
		{5EC9E1FF-593C-4530-B7FB-2DCD376958B3}.Debug|Any CPU.ActiveCfg = Debug|Any CPU
		{5EC9E1FF-593C-4530-B7FB-2DCD376958B3}.Debug|Any CPU.Build.0 = Debug|Any CPU
		{5EC9E1FF-593C-4530-B7FB-2DCD376958B3}.Release|Any CPU.ActiveCfg = Release|Any CPU
		{5EC9E1FF-593C-4530-B7FB-2DCD376958B3}.Release|Any CPU.Build.0 = Release|Any CPU
	EndGlobalSection
	GlobalSection(SolutionProperties) = preSolution
		HideSolutionNode = FALSE
	EndGlobalSection
	GlobalSection(ExtensibilityGlobals) = postSolution
		SolutionGuid = {4A396389-90DF-4DC5-B469-CA68C459E81A}
	EndGlobalSection
EndGlobal
